// !$*UTF8*$!
{
	archiveVersion = 1;
	classes = {
	};
	objectVersion = 51;
	objects = {

/* Begin PBXBuildFile section */
		2E83B669DCDC42FA07BDFD00 /* Pods_WhatAnimal.framework in Frameworks */ = {isa = PBXBuildFile; fileRef = 67996571506B7FC79D164DAC /* Pods_WhatAnimal.framework */; };
		632CDFA2237C77AA005BE2FC /* AppDelegate.swift in Sources */ = {isa = PBXBuildFile; fileRef = 632CDFA1237C77AA005BE2FC /* AppDelegate.swift */; };
		632CDFA4237C77AA005BE2FC /* SceneDelegate.swift in Sources */ = {isa = PBXBuildFile; fileRef = 632CDFA3237C77AA005BE2FC /* SceneDelegate.swift */; };
		632CDFA6237C77AA005BE2FC /* ViewController.swift in Sources */ = {isa = PBXBuildFile; fileRef = 632CDFA5237C77AA005BE2FC /* ViewController.swift */; };
		632CDFA9237C77AA005BE2FC /* Main.storyboard in Resources */ = {isa = PBXBuildFile; fileRef = 632CDFA7237C77AA005BE2FC /* Main.storyboard */; };
		632CDFAB237C77AD005BE2FC /* Assets.xcassets in Resources */ = {isa = PBXBuildFile; fileRef = 632CDFAA237C77AD005BE2FC /* Assets.xcassets */; };
		632CDFAE237C77AD005BE2FC /* LaunchScreen.storyboard in Resources */ = {isa = PBXBuildFile; fileRef = 632CDFAC237C77AD005BE2FC /* LaunchScreen.storyboard */; };
		632CDFB6237C782F005BE2FC /* PetImageClassifier.mlmodel in Sources */ = {isa = PBXBuildFile; fileRef = 632CDFB5237C782F005BE2FC /* PetImageClassifier.mlmodel */; };
/* End PBXBuildFile section */

/* Begin PBXFileReference section */
		632CDF9E237C77AA005BE2FC /* WhatAnimal.app */ = {isa = PBXFileReference; explicitFileType = wrapper.application; includeInIndex = 0; path = WhatAnimal.app; sourceTree = BUILT_PRODUCTS_DIR; };
		632CDFA1237C77AA005BE2FC /* AppDelegate.swift */ = {isa = PBXFileReference; lastKnownFileType = sourcecode.swift; path = AppDelegate.swift; sourceTree = "<group>"; };
		632CDFA3237C77AA005BE2FC /* SceneDelegate.swift */ = {isa = PBXFileReference; lastKnownFileType = sourcecode.swift; path = SceneDelegate.swift; sourceTree = "<group>"; };
		632CDFA5237C77AA005BE2FC /* ViewController.swift */ = {isa = PBXFileReference; lastKnownFileType = sourcecode.swift; path = ViewController.swift; sourceTree = "<group>"; };
		632CDFA8237C77AA005BE2FC /* Base */ = {isa = PBXFileReference; lastKnownFileType = file.storyboard; name = Base; path = Base.lproj/Main.storyboard; sourceTree = "<group>"; };
		632CDFAA237C77AD005BE2FC /* Assets.xcassets */ = {isa = PBXFileReference; lastKnownFileType = folder.assetcatalog; path = Assets.xcassets; sourceTree = "<group>"; };
		632CDFAD237C77AD005BE2FC /* Base */ = {isa = PBXFileReference; lastKnownFileType = file.storyboard; name = Base; path = Base.lproj/LaunchScreen.storyboard; sourceTree = "<group>"; };
		632CDFAF237C77AD005BE2FC /* Info.plist */ = {isa = PBXFileReference; lastKnownFileType = text.plist.xml; path = Info.plist; sourceTree = "<group>"; };
		632CDFB5237C782F005BE2FC /* PetImageClassifier.mlmodel */ = {isa = PBXFileReference; lastKnownFileType = file.mlmodel; path = PetImageClassifier.mlmodel; sourceTree = "<group>"; };
		66082C392F5AE274BBF622FB /* Pods-WhatAnimal.debug.xcconfig */ = {isa = PBXFileReference; includeInIndex = 1; lastKnownFileType = text.xcconfig; name = "Pods-WhatAnimal.debug.xcconfig"; path = "Target Support Files/Pods-WhatAnimal/Pods-WhatAnimal.debug.xcconfig"; sourceTree = "<group>"; };
		67996571506B7FC79D164DAC /* Pods_WhatAnimal.framework */ = {isa = PBXFileReference; explicitFileType = wrapper.framework; includeInIndex = 0; path = Pods_WhatAnimal.framework; sourceTree = BUILT_PRODUCTS_DIR; };
		8FBE2BCEB26ECE8DBF274B5F /* Pods-WhatAnimal.release.xcconfig */ = {isa = PBXFileReference; includeInIndex = 1; lastKnownFileType = text.xcconfig; name = "Pods-WhatAnimal.release.xcconfig"; path = "Target Support Files/Pods-WhatAnimal/Pods-WhatAnimal.release.xcconfig"; sourceTree = "<group>"; };
/* End PBXFileReference section */

/* Begin PBXFrameworksBuildPhase section */
		632CDF9B237C77AA005BE2FC /* Frameworks */ = {
			isa = PBXFrameworksBuildPhase;
			buildActionMask = 2147483647;
			files = (
				2E83B669DCDC42FA07BDFD00 /* Pods_WhatAnimal.framework in Frameworks */,
			);
			runOnlyForDeploymentPostprocessing = 0;
		};
/* End PBXFrameworksBuildPhase section */

/* Begin PBXGroup section */
		082B903BD6D615CB14D1DEE9 /* Pods */ = {
			isa = PBXGroup;
			children = (
				66082C392F5AE274BBF622FB /* Pods-WhatAnimal.debug.xcconfig */,
				8FBE2BCEB26ECE8DBF274B5F /* Pods-WhatAnimal.release.xcconfig */,
			);
			path = Pods;
			sourceTree = "<group>";
		};
		348F40725E241F27A8777F2D /* Frameworks */ = {
			isa = PBXGroup;
			children = (
				67996571506B7FC79D164DAC /* Pods_WhatAnimal.framework */,
			);
			name = Frameworks;
			sourceTree = "<group>";
		};
		632CDF95237C77AA005BE2FC = {
			isa = PBXGroup;
			children = (
				632CDFA0237C77AA005BE2FC /* WhatAnimal */,
				632CDF9F237C77AA005BE2FC /* Products */,
				082B903BD6D615CB14D1DEE9 /* Pods */,
				348F40725E241F27A8777F2D /* Frameworks */,
			);
			sourceTree = "<group>";
		};
		632CDF9F237C77AA005BE2FC /* Products */ = {
			isa = PBXGroup;
			children = (
				632CDF9E237C77AA005BE2FC /* WhatAnimal.app */,
			);
			name = Products;
			sourceTree = "<group>";
		};
		632CDFA0237C77AA005BE2FC /* WhatAnimal */ = {
			isa = PBXGroup;
			children = (
				632CDFA1237C77AA005BE2FC /* AppDelegate.swift */,
				632CDFA3237C77AA005BE2FC /* SceneDelegate.swift */,
				632CDFA5237C77AA005BE2FC /* ViewController.swift */,
				632CDFA7237C77AA005BE2FC /* Main.storyboard */,
				632CDFAA237C77AD005BE2FC /* Assets.xcassets */,
				632CDFAC237C77AD005BE2FC /* LaunchScreen.storyboard */,
				632CDFB5237C782F005BE2FC /* PetImageClassifier.mlmodel */,
				632CDFAF237C77AD005BE2FC /* Info.plist */,
			);
			path = WhatAnimal;
			sourceTree = "<group>";
		};
/* End PBXGroup section */

/* Begin PBXNativeTarget section */
		632CDF9D237C77AA005BE2FC /* WhatAnimal */ = {
			isa = PBXNativeTarget;
			buildConfigurationList = 632CDFB2237C77AD005BE2FC /* Build configuration list for PBXNativeTarget "WhatAnimal" */;
			buildPhases = (
				1FA1421B28073AC9B3B2C5A8 /* [CP] Check Pods Manifest.lock */,
				632CDF9A237C77AA005BE2FC /* Sources */,
				632CDF9B237C77AA005BE2FC /* Frameworks */,
				632CDF9C237C77AA005BE2FC /* Resources */,
				BED6AACE9FD869F782A0B96C /* [CP] Embed Pods Frameworks */,
			);
			buildRules = (
			);
			dependencies = (
			);
			name = WhatAnimal;
			productName = WhatAnimal;
			productReference = 632CDF9E237C77AA005BE2FC /* WhatAnimal.app */;
			productType = "com.apple.product-type.application";
		};
/* End PBXNativeTarget section */

/* Begin PBXProject section */
		632CDF96237C77AA005BE2FC /* Project object */ = {
			isa = PBXProject;
			attributes = {
				LastSwiftUpdateCheck = 1110;
				LastUpgradeCheck = 1110;
				ORGANIZATIONNAME = 1;
				TargetAttributes = {
					632CDF9D237C77AA005BE2FC = {
						CreatedOnToolsVersion = 11.1;
					};
				};
			};
			buildConfigurationList = 632CDF99237C77AA005BE2FC /* Build configuration list for PBXProject "WhatAnimal" */;
			compatibilityVersion = "Xcode 9.3";
			developmentRegion = en;
			hasScannedForEncodings = 0;
			knownRegions = (
				en,
				Base,
			);
			mainGroup = 632CDF95237C77AA005BE2FC;
			productRefGroup = 632CDF9F237C77AA005BE2FC /* Products */;
			projectDirPath = "";
			projectRoot = "";
			targets = (
				632CDF9D237C77AA005BE2FC /* WhatAnimal */,
			);
		};
/* End PBXProject section */

/* Begin PBXResourcesBuildPhase section */
		632CDF9C237C77AA005BE2FC /* Resources */ = {
			isa = PBXResourcesBuildPhase;
			buildActionMask = 2147483647;
			files = (
				632CDFAE237C77AD005BE2FC /* LaunchScreen.storyboard in Resources */,
				632CDFAB237C77AD005BE2FC /* Assets.xcassets in Resources */,
				632CDFA9237C77AA005BE2FC /* Main.storyboard in Resources */,
			);
			runOnlyForDeploymentPostprocessing = 0;
		};
/* End PBXResourcesBuildPhase section */

/* Begin PBXShellScriptBuildPhase section */
		1FA1421B28073AC9B3B2C5A8 /* [CP] Check Pods Manifest.lock */ = {
			isa = PBXShellScriptBuildPhase;
			buildActionMask = 2147483647;
			files = (
			);
			inputFileListPaths = (
			);
			inputPaths = (
				"${PODS_PODFILE_DIR_PATH}/Podfile.lock",
				"${PODS_ROOT}/Manifest.lock",
			);
			name = "[CP] Check Pods Manifest.lock";
			outputFileListPaths = (
			);
			outputPaths = (
				"$(DERIVED_FILE_DIR)/Pods-WhatAnimal-checkManifestLockResult.txt",
			);
			runOnlyForDeploymentPostprocessing = 0;
			shellPath = /bin/sh;
			shellScript = "diff \"${PODS_PODFILE_DIR_PATH}/Podfile.lock\" \"${PODS_ROOT}/Manifest.lock\" > /dev/null\nif [ $? != 0 ] ; then\n    # print error to STDERR\n    echo \"error: The sandbox is not in sync with the Podfile.lock. Run 'pod install' or update your CocoaPods installation.\" >&2\n    exit 1\nfi\n# This output is used by Xcode 'outputs' to avoid re-running this script phase.\necho \"SUCCESS\" > \"${SCRIPT_OUTPUT_FILE_0}\"\n";
			showEnvVarsInLog = 0;
		};
		BED6AACE9FD869F782A0B96C /* [CP] Embed Pods Frameworks */ = {
			isa = PBXShellScriptBuildPhase;
			buildActionMask = 2147483647;
			files = (
			);
			inputFileListPaths = (
				"${PODS_ROOT}/Target Support Files/Pods-WhatAnimal/Pods-WhatAnimal-frameworks-${CONFIGURATION}-input-files.xcfilelist",
			);
			name = "[CP] Embed Pods Frameworks";
			outputFileListPaths = (
				"${PODS_ROOT}/Target Support Files/Pods-WhatAnimal/Pods-WhatAnimal-frameworks-${CONFIGURATION}-output-files.xcfilelist",
			);
			runOnlyForDeploymentPostprocessing = 0;
			shellPath = /bin/sh;
			shellScript = "\"${PODS_ROOT}/Target Support Files/Pods-WhatAnimal/Pods-WhatAnimal-frameworks.sh\"\n";
			showEnvVarsInLog = 0;
		};
/* End PBXShellScriptBuildPhase section */

/* Begin PBXSourcesBuildPhase section */
		632CDF9A237C77AA005BE2FC /* Sources */ = {
			isa = PBXSourcesBuildPhase;
			buildActionMask = 2147483647;
			files = (
				632CDFA6237C77AA005BE2FC /* ViewController.swift in Sources */,
				632CDFA2237C77AA005BE2FC /* AppDelegate.swift in Sources */,
				632CDFA4237C77AA005BE2FC /* SceneDelegate.swift in Sources */,
				632CDFB6237C782F005BE2FC /* PetImageClassifier.mlmodel in Sources */,
			);
			runOnlyForDeploymentPostprocessing = 0;
		};
/* End PBXSourcesBuildPhase section */

/* Begin PBXVariantGroup section */
		632CDFA7237C77AA005BE2FC /* Main.storyboard */ = {
			isa = PBXVariantGroup;
			children = (
				632CDFA8237C77AA005BE2FC /* Base */,
			);
			name = Main.storyboard;
			sourceTree = "<group>";
		};
		632CDFAC237C77AD005BE2FC /* LaunchScreen.storyboard */ = {
			isa = PBXVariantGroup;
			children = (
				632CDFAD237C77AD005BE2FC /* Base */,
			);
			name = LaunchScreen.storyboard;
			sourceTree = "<group>";
		};
/* End PBXVariantGroup section */

/* Begin XCBuildConfiguration section */
		632CDFB0237C77AD005BE2FC /* Debug */ = {
			isa = XCBuildConfiguration;
			buildSettings = {
				ALWAYS_SEARCH_USER_PATHS = NO;
				CLANG_ANALYZER_NONNULL = YES;
				CLANG_ANALYZER_NUMBER_OBJECT_CONVERSION = YES_AGGRESSIVE;
				CLANG_CXX_LANGUAGE_STANDARD = "gnu++14";
				CLANG_CXX_LIBRARY = "libc++";
				CLANG_ENABLE_MODULES = YES;
				CLANG_ENABLE_OBJC_ARC = YES;
				CLANG_ENABLE_OBJC_WEAK = YES;
				CLANG_WARN_BLOCK_CAPTURE_AUTORELEASING = YES;
				CLANG_WARN_BOOL_CONVERSION = YES;
				CLANG_WARN_COMMA = YES;
				CLANG_WARN_CONSTANT_CONVERSION = YES;
				CLANG_WARN_DEPRECATED_OBJC_IMPLEMENTATIONS = YES;
				CLANG_WARN_DIRECT_OBJC_ISA_USAGE = YES_ERROR;
				CLANG_WARN_DOCUMENTATION_COMMENTS = YES;
				CLANG_WARN_EMPTY_BODY = YES;
				CLANG_WARN_ENUM_CONVERSION = YES;
				CLANG_WARN_INFINITE_RECURSION = YES;
				CLANG_WARN_INT_CONVERSION = YES;
				CLANG_WARN_NON_LITERAL_NULL_CONVERSION = YES;
				CLANG_WARN_OBJC_IMPLICIT_RETAIN_SELF = YES;
				CLANG_WARN_OBJC_LITERAL_CONVERSION = YES;
				CLANG_WARN_OBJC_ROOT_CLASS = YES_ERROR;
				CLANG_WARN_RANGE_LOOP_ANALYSIS = YES;
				CLANG_WARN_STRICT_PROTOTYPES = YES;
				CLANG_WARN_SUSPICIOUS_MOVE = YES;
				CLANG_WARN_UNGUARDED_AVAILABILITY = YES_AGGRESSIVE;
				CLANG_WARN_UNREACHABLE_CODE = YES;
				CLANG_WARN__DUPLICATE_METHOD_MATCH = YES;
				COPY_PHASE_STRIP = NO;
				DEBUG_INFORMATION_FORMAT = dwarf;
				ENABLE_STRICT_OBJC_MSGSEND = YES;
				ENABLE_TESTABILITY = YES;
				GCC_C_LANGUAGE_STANDARD = gnu11;
				GCC_DYNAMIC_NO_PIC = NO;
				GCC_NO_COMMON_BLOCKS = YES;
				GCC_OPTIMIZATION_LEVEL = 0;
				GCC_PREPROCESSOR_DEFINITIONS = (
					"DEBUG=1",
					"$(inherited)",
				);
				GCC_WARN_64_TO_32_BIT_CONVERSION = YES;
				GCC_WARN_ABOUT_RETURN_TYPE = YES_ERROR;
				GCC_WARN_UNDECLARED_SELECTOR = YES;
				GCC_WARN_UNINITIALIZED_AUTOS = YES_AGGRESSIVE;
				GCC_WARN_UNUSED_FUNCTION = YES;
				GCC_WARN_UNUSED_VARIABLE = YES;
				IPHONEOS_DEPLOYMENT_TARGET = 13.1;
				MTL_ENABLE_DEBUG_INFO = INCLUDE_SOURCE;
				MTL_FAST_MATH = YES;
				ONLY_ACTIVE_ARCH = YES;
				SDKROOT = iphoneos;
				SWIFT_ACTIVE_COMPILATION_CONDITIONS = DEBUG;
				SWIFT_OPTIMIZATION_LEVEL = "-Onone";
			};
			name = Debug;
		};
		632CDFB1237C77AD005BE2FC /* Release */ = {
			isa = XCBuildConfiguration;
			buildSettings = {
				ALWAYS_SEARCH_USER_PATHS = NO;
				CLANG_ANALYZER_NONNULL = YES;
				CLANG_ANALYZER_NUMBER_OBJECT_CONVERSION = YES_AGGRESSIVE;
				CLANG_CXX_LANGUAGE_STANDARD = "gnu++14";
				CLANG_CXX_LIBRARY = "libc++";
				CLANG_ENABLE_MODULES = YES;
				CLANG_ENABLE_OBJC_ARC = YES;
				CLANG_ENABLE_OBJC_WEAK = YES;
				CLANG_WARN_BLOCK_CAPTURE_AUTORELEASING = YES;
				CLANG_WARN_BOOL_CONVERSION = YES;
				CLANG_WARN_COMMA = YES;
				CLANG_WARN_CONSTANT_CONVERSION = YES;
				CLANG_WARN_DEPRECATED_OBJC_IMPLEMENTATIONS = YES;
				CLANG_WARN_DIRECT_OBJC_ISA_USAGE = YES_ERROR;
				CLANG_WARN_DOCUMENTATION_COMMENTS = YES;
				CLANG_WARN_EMPTY_BODY = YES;
				CLANG_WARN_ENUM_CONVERSION = YES;
				CLANG_WARN_INFINITE_RECURSION = YES;
				CLANG_WARN_INT_CONVERSION = YES;
				CLANG_WARN_NON_LITERAL_NULL_CONVERSION = YES;
				CLANG_WARN_OBJC_IMPLICIT_RETAIN_SELF = YES;
				CLANG_WARN_OBJC_LITERAL_CONVERSION = YES;
				CLANG_WARN_OBJC_ROOT_CLASS = YES_ERROR;
				CLANG_WARN_RANGE_LOOP_ANALYSIS = YES;
				CLANG_WARN_STRICT_PROTOTYPES = YES;
				CLANG_WARN_SUSPICIOUS_MOVE = YES;
				CLANG_WARN_UNGUARDED_AVAILABILITY = YES_AGGRESSIVE;
				CLANG_WARN_UNREACHABLE_CODE = YES;
				CLANG_WARN__DUPLICATE_METHOD_MATCH = YES;
				COPY_PHASE_STRIP = NO;
				DEBUG_INFORMATION_FORMAT = "dwarf-with-dsym";
				ENABLE_NS_ASSERTIONS = NO;
				ENABLE_STRICT_OBJC_MSGSEND = YES;
				GCC_C_LANGUAGE_STANDARD = gnu11;
				GCC_NO_COMMON_BLOCKS = YES;
				GCC_WARN_64_TO_32_BIT_CONVERSION = YES;
				GCC_WARN_ABOUT_RETURN_TYPE = YES_ERROR;
				GCC_WARN_UNDECLARED_SELECTOR = YES;
				GCC_WARN_UNINITIALIZED_AUTOS = YES_AGGRESSIVE;
				GCC_WARN_UNUSED_FUNCTION = YES;
				GCC_WARN_UNUSED_VARIABLE = YES;
				IPHONEOS_DEPLOYMENT_TARGET = 13.1;
				MTL_ENABLE_DEBUG_INFO = NO;
				MTL_FAST_MATH = YES;
				SDKROOT = iphoneos;
				SWIFT_COMPILATION_MODE = wholemodule;
				SWIFT_OPTIMIZATION_LEVEL = "-O";
				VALIDATE_PRODUCT = YES;
			};
			name = Release;
		};
		632CDFB3237C77AD005BE2FC /* Debug */ = {
			isa = XCBuildConfiguration;
			baseConfigurationReference = 66082C392F5AE274BBF622FB /* Pods-WhatAnimal.debug.xcconfig */;
			buildSettings = {
				ASSETCATALOG_COMPILER_APPICON_NAME = AppIcon;
				CODE_SIGN_IDENTITY = "Apple Development";
				CODE_SIGN_STYLE = Automatic;
				DEVELOPMENT_TEAM = NFRFKML995;
				INFOPLIST_FILE = WhatAnimal/Info.plist;
				LD_RUNPATH_SEARCH_PATHS = (
					"$(inherited)",
					"@executable_path/Frameworks",
				);
				PRODUCT_BUNDLE_IDENTIFIER = com.AbbosShukurullaev;
				PRODUCT_NAME = "$(TARGET_NAME)";
				PROVISIONING_PROFILE_SPECIFIER = "";
				SWIFT_VERSION = 5.0;
				TARGETED_DEVICE_FAMILY = "1,2";
			};
			name = Debug;
		};
		632CDFB4237C77AD005BE2FC /* Release */ = {
			isa = XCBuildConfiguration;
			baseConfigurationReference = 8FBE2BCEB26ECE8DBF274B5F /* Pods-WhatAnimal.release.xcconfig */;
			buildSettings = {
				ASSETCATALOG_COMPILER_APPICON_NAME = AppIcon;
				CODE_SIGN_IDENTITY = "Apple Development";
				CODE_SIGN_STYLE = Automatic;
				DEVELOPMENT_TEAM = NFRFKML995;
				INFOPLIST_FILE = WhatAnimal/Info.plist;
				LD_RUNPATH_SEARCH_PATHS = (
					"$(inherited)",
					"@executable_path/Frameworks",
				);
				PRODUCT_BUNDLE_IDENTIFIER = com.AbbosShukurullaev;
				PRODUCT_NAME = "$(TARGET_NAME)";
				PROVISIONING_PROFILE_SPECIFIER = "";
				SWIFT_VERSION = 5.0;
				TARGETED_DEVICE_FAMILY = "1,2";
			};
			name = Release;
		};
/* End XCBuildConfiguration section */

/* Begin XCConfigurationList section */
		632CDF99237C77AA005BE2FC /* Build configuration list for PBXProject "WhatAnimal" */ = {
			isa = XCConfigurationList;
			buildConfigurations = (
				632CDFB0237C77AD005BE2FC /* Debug */,
				632CDFB1237C77AD005BE2FC /* Release */,
			);
			defaultConfigurationIsVisible = 0;
			defaultConfigurationName = Release;
		};
		632CDFB2237C77AD005BE2FC /* Build configuration list for PBXNativeTarget "WhatAnimal" */ = {
			isa = XCConfigurationList;
			buildConfigurations = (
				632CDFB3237C77AD005BE2FC /* Debug */,
				632CDFB4237C77AD005BE2FC /* Release */,
			);
			defaultConfigurationIsVisible = 0;
			defaultConfigurationName = Release;
		};
/* End XCConfigurationList section */
	};
	rootObject = 632CDF96237C77AA005BE2FC /* Project object */;
}
